Microsoft Visual Studio Solution File, Format Version 12.00
# Visual Studio Version 17
VisualStudioVersion = 17.5.2.0
MinimumVisualStudioVersion = 10.0.40219.1
Project("{FAE04EC0-301F-11D3-BF4B-00C04F79EFBC}") = "MyDockerApi", "MyDockerApi.csproj", "{8442545F-742B-F287-F46F-A37FF8840E16}"
EndProject
Global
	GlobalSection(SolutionConfigurationPlatforms) = preSolution
		Debug|Any CPU = Debug|Any CPU
		Release|Any CPU = Release|Any CPU
	EndGlobalSection
	GlobalSection(ProjectConfigurationPlatforms) = postSolution
		{8442545F-742B-F287-F46F-A37FF8840E16}.Debug|Any CPU.ActiveCfg = Debug|Any CPU
		{8442545F-742B-F287-F46F-A37FF8840E16}.Debug|Any CPU.Build.0 = Debug|Any CPU
		{8442545F-742B-F287-F46F-A37FF8840E16}.Release|Any CPU.ActiveCfg = Release|Any CPU
		{8442545F-742B-F287-F46F-A37FF8840E16}.Release|Any CPU.Build.0 = Release|Any CPU
	EndGlobalSection
	GlobalSection(SolutionProperties) = preSolution
		HideSolutionNode = FALSE
	EndGlobalSection
	GlobalSection(ExtensibilityGlobals) = postSolution
		SolutionGuid = {EF0177B4-1D01-4888-870E-22031296E71E}
	EndGlobalSection
EndGlobal
